
Microsoft Visual Studio Solution File, Format Version 12.00
# Visual Studio Version 17
VisualStudioVersion = 17.9.34728.123
MinimumVisualStudioVersion = 10.0.40219.1
Project("{9A19103F-16F7-4668-BE54-9A1E7A4F7556}") = "Demo", "Bemo\Demo.csproj", "{BAAE8B20-84B6-45BA-B9F3-CCEA82B40951}"
EndProject
Project("{FAE04EC0-301F-11D3-BF4B-00C04F79EFBC}") = "Assignment Interface1", "Assignment Interface1\Assignment Interface1.csproj", "{40C8C739-F6CE-4345-AF84-14C022DB37CC}"
EndProject
Global
	GlobalSection(SolutionConfigurationPlatforms) = preSolution
		Debug|Any CPU = Debug|Any CPU
		Release|Any CPU = Release|Any CPU
	EndGlobalSection
	GlobalSection(ProjectConfigurationPlatforms) = postSolution
		{BAAE8B20-84B6-45BA-B9F3-CCEA82B40951}.Debug|Any CPU.ActiveCfg = Debug|Any CPU
		{BAAE8B20-84B6-45BA-B9F3-CCEA82B40951}.Debug|Any CPU.Build.0 = Debug|Any CPU
		{BAAE8B20-84B6-45BA-B9F3-CCEA82B40951}.Release|Any CPU.ActiveCfg = Release|Any CPU
		{BAAE8B20-84B6-45BA-B9F3-CCEA82B40951}.Release|Any CPU.Build.0 = Release|Any CPU
		{40C8C739-F6CE-4345-AF84-14C022DB37CC}.Debug|Any CPU.ActiveCfg = Debug|Any CPU
		{40C8C739-F6CE-4345-AF84-14C022DB37CC}.Debug|Any CPU.Build.0 = Debug|Any CPU
		{40C8C739-F6CE-4345-AF84-14C022DB37CC}.Release|Any CPU.ActiveCfg = Release|Any CPU
		{40C8C739-F6CE-4345-AF84-14C022DB37CC}.Release|Any CPU.Build.0 = Release|Any CPU
	EndGlobalSection
	GlobalSection(SolutionProperties) = preSolution
		HideSolutionNode = FALSE
	EndGlobalSection
	GlobalSection(ExtensibilityGlobals) = postSolution
		SolutionGuid = {771CC3A7-AEBA-4246-8033-ECFD5BD85518}
	EndGlobalSection
EndGlobal
